// !$*UTF8*$!
{
	archiveVersion = 1;
	classes = {
	};
	objectVersion = 56;
	objects = {

/* Begin PBXBuildFile section */
		B70B93D12E88E17300B9BD7E /* WorkoutSetResult.swift in Sources */ = {isa = PBXBuildFile; fileRef = B70B93CE2E88E17300B9BD7E /* WorkoutSetResult.swift */; };
		B70B93D42E88E51400B9BD7E /* WorkoutResultsManager.swift in Sources */ = {isa = PBXBuildFile; fileRef = B70B93D32E88E51400B9BD7E /* WorkoutResultsManager.swift */; };
		B70B93E02E90E63E00B9BD7E /* FileStore.swift in Sources */ = {isa = PBXBuildFile; fileRef = B70B93D62E90E63E00B9BD7E /* FileStore.swift */; };
		B70B93E12E90E63E00B9BD7E /* SimpleKeyValueStore.swift in Sources */ = {isa = PBXBuildFile; fileRef = B70B93D82E90E63E00B9BD7E /* SimpleKeyValueStore.swift */; };
		B70B93E22E90E63E00B9BD7E /* PersistenceStore.swift in Sources */ = {isa = PBXBuildFile; fileRef = B70B93DA2E90E63E00B9BD7E /* PersistenceStore.swift */; };
		B70B93E32E90E63E00B9BD7E /* HybridCloudStore.swift in Sources */ = {isa = PBXBuildFile; fileRef = B70B93D72E90E63E00B9BD7E /* HybridCloudStore.swift */; };
		B70B93E42E90E63E00B9BD7E /* PersistenceKey.swift in Sources */ = {isa = PBXBuildFile; fileRef = B70B93DD2E90E63E00B9BD7E /* PersistenceKey.swift */; };
		B70B93E52E90E63E00B9BD7E /* PersistenceError.swift in Sources */ = {isa = PBXBuildFile; fileRef = B70B93DC2E90E63E00B9BD7E /* PersistenceError.swift */; };
		B70B93E82E93641B00B9BD7E /* MessageFactory.swift in Sources */ = {isa = PBXBuildFile; fileRef = B70B93E72E93641B00B9BD7E /* MessageFactory.swift */; };
		B70B93E92E93641B00B9BD7E /* AssistantResponseState.swift in Sources */ = {isa = PBXBuildFile; fileRef = B70B93E62E93641B00B9BD7E /* AssistantResponseState.swift */; };
		B70B93FC2E9C7E4000B9BD7E /* MessageListView.swift in Sources */ = {isa = PBXBuildFile; fileRef = B70B93F42E9C7E4000B9BD7E /* MessageListView.swift */; };
		B70B93FD2E9C7E4000B9BD7E /* ChatInputBar.swift in Sources */ = {isa = PBXBuildFile; fileRef = B70B93F12E9C7E4000B9BD7E /* ChatInputBar.swift */; };
		B70B93FE2E9C7E4000B9BD7E /* ChatView.swift in Sources */ = {isa = PBXBuildFile; fileRef = B70B93F22E9C7E4000B9BD7E /* ChatView.swift */; };
		B70B93FF2E9C7E4000B9BD7E /* LinkDetectingText.swift in Sources */ = {isa = PBXBuildFile; fileRef = B70B93F92E9C7E4000B9BD7E /* LinkDetectingText.swift */; };
		B70B94002E9C7E4000B9BD7E /* PhotoAttachmentButton.swift in Sources */ = {isa = PBXBuildFile; fileRef = B70B93FA2E9C7E4000B9BD7E /* PhotoAttachmentButton.swift */; };
		B70B94012E9C7E4000B9BD7E /* SettingsView.swift in Sources */ = {isa = PBXBuildFile; fileRef = B70B93F62E9C7E4000B9BD7E /* SettingsView.swift */; };
		B70B94022E9C7E4000B9BD7E /* MessageBubble.swift in Sources */ = {isa = PBXBuildFile; fileRef = B70B93F32E9C7E4000B9BD7E /* MessageBubble.swift */; };
		B70B94032E9C7E4000B9BD7E /* CalendarTabView.swift in Sources */ = {isa = PBXBuildFile; fileRef = B70B93EF2E9C7E4000B9BD7E /* CalendarTabView.swift */; };
		B70B94042E9C7E4000B9BD7E /* ImagePicker.swift in Sources */ = {isa = PBXBuildFile; fileRef = B70B93F82E9C7E4000B9BD7E /* ImagePicker.swift */; };
		B70B94082E9DB42E00B9BD7E /* WorkoutFormatter.swift in Sources */ = {isa = PBXBuildFile; fileRef = B70B94072E9DB42E00B9BD7E /* WorkoutFormatter.swift */; };
		B70B940A2E9DB54000B9BD7E /* ScheduleSnapshotBuilder.swift in Sources */ = {isa = PBXBuildFile; fileRef = B70B94092E9DB54000B9BD7E /* ScheduleSnapshotBuilder.swift */; };
		B70B940C2E9DB92E00B9BD7E /* TrainingBlockScheduler.swift in Sources */ = {isa = PBXBuildFile; fileRef = B70B940B2E9DB92E00B9BD7E /* TrainingBlockScheduler.swift */; };
		B70B940E2E9DC23300B9BD7E /* CalendarGenerator.swift in Sources */ = {isa = PBXBuildFile; fileRef = B70B940D2E9DC23300B9BD7E /* CalendarGenerator.swift */; };
		B70B94102E9DC47200B9BD7E /* TrainingProgramManager.swift in Sources */ = {isa = PBXBuildFile; fileRef = B70B940F2E9DC47200B9BD7E /* TrainingProgramManager.swift */; };
		B70B94122E9DC62E00B9BD7E /* WorkoutRepository.swift in Sources */ = {isa = PBXBuildFile; fileRef = B70B94112E9DC62E00B9BD7E /* WorkoutRepository.swift */; };
		B70B94162EA0B8BF00B9BD7E /* ConversationLogger.swift in Sources */ = {isa = PBXBuildFile; fileRef = B70B94132EA0B8BF00B9BD7E /* ConversationLogger.swift */; };
		B70B94172EA0B8BF00B9BD7E /* StreamingCoordinator.swift in Sources */ = {isa = PBXBuildFile; fileRef = B70B94142EA0B8BF00B9BD7E /* StreamingCoordinator.swift */; };
		B70B941A2EA2CF2500B9BD7E /* ResponseOrchestrator.swift in Sources */ = {isa = PBXBuildFile; fileRef = B70B94182EA2CF2500B9BD7E /* ResponseOrchestrator.swift */; };
		B70B941B2EA2CF2500B9BD7E /* ToolExecutionCoordinator.swift in Sources */ = {isa = PBXBuildFile; fileRef = B70B94192EA2CF2500B9BD7E /* ToolExecutionCoordinator.swift */; };
		B75947122E07006B00BE6537 /* TrainerAppApp.swift in Sources */ = {isa = PBXBuildFile; fileRef = B75947112E07006B00BE6537 /* TrainerAppApp.swift */; };
		B75947142E07006B00BE6537 /* ContentView.swift in Sources */ = {isa = PBXBuildFile; fileRef = B75947132E07006B00BE6537 /* ContentView.swift */; };
		B75947182E07006C00BE6537 /* Assets.xcassets in Resources */ = {isa = PBXBuildFile; fileRef = B75947172E07006C00BE6537 /* Assets.xcassets */; };
		B759471B2E07006C00BE6537 /* Preview Assets.xcassets in Resources */ = {isa = PBXBuildFile; fileRef = B759471A2E07006C00BE6537 /* Preview Assets.xcassets */; };
		B75A866A2E5D884700CB5792 /* WeeklyCalendarView.swift in Sources */ = {isa = PBXBuildFile; fileRef = B75A86672E5D884700CB5792 /* WeeklyCalendarView.swift */; };
		B75A866C2E5D885400CB5792 /* TrainingScheduleManager.swift in Sources */ = {isa = PBXBuildFile; fileRef = B75A866B2E5D885400CB5792 /* TrainingScheduleManager.swift */; };
		B75A86702E5D886800CB5792 /* TrainingBlock.swift in Sources */ = {isa = PBXBuildFile; fileRef = B75A866D2E5D886800CB5792 /* TrainingBlock.swift */; };
		B75A86712E5D886800CB5792 /* TrainingCalendar.swift in Sources */ = {isa = PBXBuildFile; fileRef = B75A866E2E5D886800CB5792 /* TrainingCalendar.swift */; };
		B75C33372E59A5A5004C515B /* ToolParameterParser.swift in Sources */ = {isa = PBXBuildFile; fileRef = B75C33362E59A5A5004C515B /* ToolParameterParser.swift */; };
		B75C33392E59A5A6004C515B /* ToolProcessor.swift in Sources */ = {isa = PBXBuildFile; fileRef = B75C33382E59A5A6004C515B /* ToolProcessor.swift */; };
		B75C333A2E5993D8004C515B /* APILogEntry.swift in Sources */ = {isa = PBXBuildFile; fileRef = B75C33342E5993D8004C515B /* APILogEntry.swift */; };
		B75C333B2E5993D8004C515B /* APILogger.swift in Sources */ = {isa = PBXBuildFile; fileRef = B75C33352E5993D8004C515B /* APILogger.swift */; };
		B75C333C2E5993D8004C515B /* LoggingPersistence.swift in Sources */ = {isa = PBXBuildFile; fileRef = B75C33362E5993D8004C515B /* LoggingPersistence.swift */; };
		B75C33412E59A6C7004C515B /* HealthKitManager.swift in Sources */ = {isa = PBXBuildFile; fileRef = B75C33402E59A6C7004C515B /* HealthKitManager.swift */; };
		B75C33432E59A829004C515B /* SystemPrompt.md in Resources */ = {isa = PBXBuildFile; fileRef = B75C33422E59A829004C515B /* SystemPrompt.md */; };
		B75C33442E59A5A7004C515B /* ConversationManager.swift in Sources */ = {isa = PBXBuildFile; fileRef = B75C33432E59A5A7004C515B /* ConversationManager.swift */; };
		B75C33452E59A5A8004C515B /* ConversationPersistence.swift in Sources */ = {isa = PBXBuildFile; fileRef = B75C33442E59A5A8004C515B /* ConversationPersistence.swift */; };
		B781C91F2E60C1A400B866CE /* SystemPromptLoader.swift in Sources */ = {isa = PBXBuildFile; fileRef = B781C91D2E60C1A400B866CE /* SystemPromptLoader.swift */; };
		B781C9232E639C4800B866CE /* URLSession+Logging.swift in Sources */ = {isa = PBXBuildFile; fileRef = B781C9222E639C4800B866CE /* URLSession+Logging.swift */; };
		B781C92C2E639CB300B866CE /* ExportOptionsView.swift in Sources */ = {isa = PBXBuildFile; fileRef = B781C92A2E639CB300B866CE /* ExportOptionsView.swift */; };
		B781C92D2E639CB300B866CE /* DebugMenuView.swift in Sources */ = {isa = PBXBuildFile; fileRef = B781C9282E639CB300B866CE /* DebugMenuView.swift */; };
		B781C92E2E639CB300B866CE /* APILogDetailView.swift in Sources */ = {isa = PBXBuildFile; fileRef = B781C9272E639CB300B866CE /* APILogDetailView.swift */; };
		B781C9302E639CB300B866CE /* EnhancedAPILogger.swift in Sources */ = {isa = PBXBuildFile; fileRef = B781C9242E639C5600B866CE /* EnhancedAPILogger.swift */; };
		B781C9332E7007C100B866CE /* StructuredWorkout.swift in Sources */ = {isa = PBXBuildFile; fileRef = B781C9322E7007C100B866CE /* StructuredWorkout.swift */; };
		B7A1B2342E6800F000CB5792 /* ChatStateComponents.swift in Sources */ = {isa = PBXBuildFile; fileRef = B7A1B2332E6800F000CB5792 /* ChatStateComponents.swift */; };
		B7A1B2372E6900F100CB5792 /* DateProvider.swift in Sources */ = {isa = PBXBuildFile; fileRef = B7A1B2352E6900F100CB5792 /* DateProvider.swift */; };
		B7A1B2382E6900F200CB5792 /* SimpleDeveloperTimeControl.swift in Sources */ = {isa = PBXBuildFile; fileRef = B7A1B2362E6900F200CB5792 /* SimpleDeveloperTimeControl.swift */; };
		B7CONF012E00000000000001 /* AppConfiguration.swift in Sources */ = {isa = PBXBuildFile; fileRef = B7CONF022E00000000000002 /* AppConfiguration.swift */; };
		B7E0B0010000000000000001 /* ToolProcessor/Protocols/ToolExecutor.swift in Sources */ = {isa = PBXBuildFile; fileRef = B7E0A0010000000000000001 /* ToolProcessor/Protocols/ToolExecutor.swift */; };
		B7E0B0010000000000000002 /* ToolProcessor/Core/ToolCallDetector.swift in Sources */ = {isa = PBXBuildFile; fileRef = B7E0A0010000000000000002 /* ToolProcessor/Core/ToolCallDetector.swift */; };
		B7E0B0010000000000000003 /* ToolProcessor/Core/ToolExecutorRegistry.swift in Sources */ = {isa = PBXBuildFile; fileRef = B7E0A0010000000000000003 /* ToolProcessor/Core/ToolExecutorRegistry.swift */; };
		B7E0B0010000000000000004 /* ToolProcessor/Core/ToolCallRouter.swift in Sources */ = {isa = PBXBuildFile; fileRef = B7E0A0010000000000000004 /* ToolProcessor/Core/ToolCallRouter.swift */; };
		B7E0B0010000000000000005 /* ToolProcessor/Core/NewToolProcessor.swift in Sources */ = {isa = PBXBuildFile; fileRef = B7E0A0010000000000000005 /* ToolProcessor/Core/NewToolProcessor.swift */; };
		B7E0B0010000000000000006 /* ToolProcessor/Utilities/ToolUtilities.swift in Sources */ = {isa = PBXBuildFile; fileRef = B7E0A0010000000000000006 /* ToolProcessor/Utilities/ToolUtilities.swift */; };
		B7E0B0010000000000000007 /* ToolProcessor/Executors/HealthDataToolExecutor.swift in Sources */ = {isa = PBXBuildFile; fileRef = B7E0A0010000000000000007 /* ToolProcessor/Executors/HealthDataToolExecutor.swift */; };
		B7E0B0010000000000000008 /* ToolProcessor/Executors/TrainingProgramToolExecutor.swift in Sources */ = {isa = PBXBuildFile; fileRef = B7E0A0010000000000000008 /* ToolProcessor/Executors/TrainingProgramToolExecutor.swift */; };
		B7E0B0010000000000000009 /* ToolProcessor/Executors/ScheduleToolExecutor.swift in Sources */ = {isa = PBXBuildFile; fileRef = B7E0A0010000000000000009 /* ToolProcessor/Executors/ScheduleToolExecutor.swift */; };
		B7E0B001000000000000000A /* ToolProcessor/Executors/WorkoutToolExecutor.swift in Sources */ = {isa = PBXBuildFile; fileRef = B7E0A001000000000000000A /* ToolProcessor/Executors/WorkoutToolExecutor.swift */; };
		B7LLMS022E00000000000002 /* LLMService.swift in Sources */ = {isa = PBXBuildFile; fileRef = B7LLMS012E00000000000001 /* LLMService.swift */; };
/* End PBXBuildFile section */

/* Begin PBXFileReference section */
		B70B93CE2E88E17300B9BD7E /* WorkoutSetResult.swift */ = {isa = PBXFileReference; lastKnownFileType = sourcecode.swift; path = WorkoutSetResult.swift; sourceTree = "<group>"; };
		B70B93D32E88E51400B9BD7E /* WorkoutResultsManager.swift */ = {isa = PBXFileReference; lastKnownFileType = sourcecode.swift; path = WorkoutResultsManager.swift; sourceTree = "<group>"; };
		B70B93D62E90E63E00B9BD7E /* FileStore.swift */ = {isa = PBXFileReference; lastKnownFileType = sourcecode.swift; path = FileStore.swift; sourceTree = "<group>"; };
		B70B93D72E90E63E00B9BD7E /* HybridCloudStore.swift */ = {isa = PBXFileReference; lastKnownFileType = sourcecode.swift; path = HybridCloudStore.swift; sourceTree = "<group>"; };
		B70B93D82E90E63E00B9BD7E /* SimpleKeyValueStore.swift */ = {isa = PBXFileReference; lastKnownFileType = sourcecode.swift; path = SimpleKeyValueStore.swift; sourceTree = "<group>"; };
		B70B93DA2E90E63E00B9BD7E /* PersistenceStore.swift */ = {isa = PBXFileReference; lastKnownFileType = sourcecode.swift; path = PersistenceStore.swift; sourceTree = "<group>"; };
		B70B93DC2E90E63E00B9BD7E /* PersistenceError.swift */ = {isa = PBXFileReference; lastKnownFileType = sourcecode.swift; path = PersistenceError.swift; sourceTree = "<group>"; };
		B70B93DD2E90E63E00B9BD7E /* PersistenceKey.swift */ = {isa = PBXFileReference; lastKnownFileType = sourcecode.swift; path = PersistenceKey.swift; sourceTree = "<group>"; };
		B70B93E62E93641B00B9BD7E /* AssistantResponseState.swift */ = {isa = PBXFileReference; lastKnownFileType = sourcecode.swift; path = AssistantResponseState.swift; sourceTree = "<group>"; };
		B70B93E72E93641B00B9BD7E /* MessageFactory.swift */ = {isa = PBXFileReference; lastKnownFileType = sourcecode.swift; path = MessageFactory.swift; sourceTree = "<group>"; };
		B70B93EF2E9C7E4000B9BD7E /* CalendarTabView.swift */ = {isa = PBXFileReference; lastKnownFileType = sourcecode.swift; path = CalendarTabView.swift; sourceTree = "<group>"; };
		B70B93F12E9C7E4000B9BD7E /* ChatInputBar.swift */ = {isa = PBXFileReference; lastKnownFileType = sourcecode.swift; path = ChatInputBar.swift; sourceTree = "<group>"; };
		B70B93F22E9C7E4000B9BD7E /* ChatView.swift */ = {isa = PBXFileReference; lastKnownFileType = sourcecode.swift; path = ChatView.swift; sourceTree = "<group>"; };
		B70B93F32E9C7E4000B9BD7E /* MessageBubble.swift */ = {isa = PBXFileReference; lastKnownFileType = sourcecode.swift; path = MessageBubble.swift; sourceTree = "<group>"; };
		B70B93F42E9C7E4000B9BD7E /* MessageListView.swift */ = {isa = PBXFileReference; lastKnownFileType = sourcecode.swift; path = MessageListView.swift; sourceTree = "<group>"; };
		B70B93F62E9C7E4000B9BD7E /* SettingsView.swift */ = {isa = PBXFileReference; lastKnownFileType = sourcecode.swift; path = SettingsView.swift; sourceTree = "<group>"; };
		B70B93F82E9C7E4000B9BD7E /* ImagePicker.swift */ = {isa = PBXFileReference; lastKnownFileType = sourcecode.swift; path = ImagePicker.swift; sourceTree = "<group>"; };
		B70B93F92E9C7E4000B9BD7E /* LinkDetectingText.swift */ = {isa = PBXFileReference; lastKnownFileType = sourcecode.swift; path = LinkDetectingText.swift; sourceTree = "<group>"; };
		B70B93FA2E9C7E4000B9BD7E /* PhotoAttachmentButton.swift */ = {isa = PBXFileReference; lastKnownFileType = sourcecode.swift; path = PhotoAttachmentButton.swift; sourceTree = "<group>"; };
		B70B94072E9DB42E00B9BD7E /* WorkoutFormatter.swift */ = {isa = PBXFileReference; lastKnownFileType = sourcecode.swift; path = WorkoutFormatter.swift; sourceTree = "<group>"; };
		B70B94092E9DB54000B9BD7E /* ScheduleSnapshotBuilder.swift */ = {isa = PBXFileReference; lastKnownFileType = sourcecode.swift; path = ScheduleSnapshotBuilder.swift; sourceTree = "<group>"; };
		B70B940B2E9DB92E00B9BD7E /* TrainingBlockScheduler.swift */ = {isa = PBXFileReference; lastKnownFileType = sourcecode.swift; path = TrainingBlockScheduler.swift; sourceTree = "<group>"; };
		B70B940D2E9DC23300B9BD7E /* CalendarGenerator.swift */ = {isa = PBXFileReference; lastKnownFileType = sourcecode.swift; path = CalendarGenerator.swift; sourceTree = "<group>"; };
		B70B940F2E9DC47200B9BD7E /* TrainingProgramManager.swift */ = {isa = PBXFileReference; lastKnownFileType = sourcecode.swift; path = TrainingProgramManager.swift; sourceTree = "<group>"; };
		B70B94112E9DC62E00B9BD7E /* WorkoutRepository.swift */ = {isa = PBXFileReference; lastKnownFileType = sourcecode.swift; path = WorkoutRepository.swift; sourceTree = "<group>"; };
		B70B94132EA0B8BF00B9BD7E /* ConversationLogger.swift */ = {isa = PBXFileReference; lastKnownFileType = sourcecode.swift; path = ConversationLogger.swift; sourceTree = "<group>"; };
		B70B94142EA0B8BF00B9BD7E /* StreamingCoordinator.swift */ = {isa = PBXFileReference; lastKnownFileType = sourcecode.swift; path = StreamingCoordinator.swift; sourceTree = "<group>"; };
		B70B94182EA2CF2500B9BD7E /* ResponseOrchestrator.swift */ = {isa = PBXFileReference; lastKnownFileType = sourcecode.swift; path = ResponseOrchestrator.swift; sourceTree = "<group>"; };
		B70B94192EA2CF2500B9BD7E /* ToolExecutionCoordinator.swift */ = {isa = PBXFileReference; lastKnownFileType = sourcecode.swift; path = ToolExecutionCoordinator.swift; sourceTree = "<group>"; };
		B759470E2E07006B00BE6537 /* TrainerApp.app */ = {isa = PBXFileReference; explicitFileType = wrapper.application; includeInIndex = 0; path = TrainerApp.app; sourceTree = BUILT_PRODUCTS_DIR; };
		B75947112E07006B00BE6537 /* TrainerAppApp.swift */ = {isa = PBXFileReference; lastKnownFileType = sourcecode.swift; path = TrainerAppApp.swift; sourceTree = "<group>"; };
		B75947132E07006B00BE6537 /* ContentView.swift */ = {isa = PBXFileReference; lastKnownFileType = sourcecode.swift; path = ContentView.swift; sourceTree = "<group>"; };
		B75947172E07006C00BE6537 /* Assets.xcassets */ = {isa = PBXFileReference; lastKnownFileType = folder.assetcatalog; path = Assets.xcassets; sourceTree = "<group>"; };
		B759471A2E07006C00BE6537 /* Preview Assets.xcassets */ = {isa = PBXFileReference; lastKnownFileType = folder.assetcatalog; path = "Preview Assets.xcassets"; sourceTree = "<group>"; };
		B759474B2E07048400BE6537 /* TrainerApp.entitlements */ = {isa = PBXFileReference; lastKnownFileType = text.plist.entitlements; path = TrainerApp.entitlements; sourceTree = "<group>"; };
		B75A86672E5D884700CB5792 /* WeeklyCalendarView.swift */ = {isa = PBXFileReference; fileEncoding = 4; lastKnownFileType = sourcecode.swift; path = WeeklyCalendarView.swift; sourceTree = "<group>"; };
		B75A866B2E5D885400CB5792 /* TrainingScheduleManager.swift */ = {isa = PBXFileReference; fileEncoding = 4; lastKnownFileType = sourcecode.swift; path = TrainingScheduleManager.swift; sourceTree = "<group>"; };
		B75A866D2E5D886800CB5792 /* TrainingBlock.swift */ = {isa = PBXFileReference; fileEncoding = 4; lastKnownFileType = sourcecode.swift; path = TrainingBlock.swift; sourceTree = "<group>"; };
		B75A866E2E5D886800CB5792 /* TrainingCalendar.swift */ = {isa = PBXFileReference; fileEncoding = 4; lastKnownFileType = sourcecode.swift; path = TrainingCalendar.swift; sourceTree = "<group>"; };
		B75C33342E5993D8004C515B /* APILogEntry.swift */ = {isa = PBXFileReference; lastKnownFileType = sourcecode.swift; path = APILogEntry.swift; sourceTree = "<group>"; };
		B75C33352E5993D8004C515B /* APILogger.swift */ = {isa = PBXFileReference; lastKnownFileType = sourcecode.swift; path = APILogger.swift; sourceTree = "<group>"; };
		B75C33362E5993D8004C515B /* LoggingPersistence.swift */ = {isa = PBXFileReference; lastKnownFileType = sourcecode.swift; path = LoggingPersistence.swift; sourceTree = "<group>"; };
		B75C33362E59A5A5004C515B /* ToolParameterParser.swift */ = {isa = PBXFileReference; fileEncoding = 4; lastKnownFileType = sourcecode.swift; path = ToolParameterParser.swift; sourceTree = "<group>"; };
		B75C33382E59A5A6004C515B /* ToolProcessor.swift */ = {isa = PBXFileReference; fileEncoding = 4; lastKnownFileType = sourcecode.swift; path = ToolProcessor.swift; sourceTree = "<group>"; };
		B75C33402E59A6C7004C515B /* HealthKitManager.swift */ = {isa = PBXFileReference; fileEncoding = 4; lastKnownFileType = sourcecode.swift; path = HealthKitManager.swift; sourceTree = "<group>"; };
		B75C33422E59A829004C515B /* SystemPrompt.md */ = {isa = PBXFileReference; fileEncoding = 4; lastKnownFileType = net.daringfireball.markdown; path = SystemPrompt.md; sourceTree = "<group>"; };
		B75C33432E59A5A7004C515B /* ConversationManager.swift */ = {isa = PBXFileReference; fileEncoding = 4; lastKnownFileType = sourcecode.swift; path = ConversationManager.swift; sourceTree = "<group>"; };
		B75C33442E59A5A8004C515B /* ConversationPersistence.swift */ = {isa = PBXFileReference; fileEncoding = 4; lastKnownFileType = sourcecode.swift; path = ConversationPersistence.swift; sourceTree = "<group>"; };
		B75C33452E5B53D9004C515B /* HealthKit.framework */ = {isa = PBXFileReference; lastKnownFileType = wrapper.framework; name = HealthKit.framework; path = System/Library/Frameworks/HealthKit.framework; sourceTree = SDKROOT; };
		B781C91D2E60C1A400B866CE /* SystemPromptLoader.swift */ = {isa = PBXFileReference; lastKnownFileType = sourcecode.swift; path = SystemPromptLoader.swift; sourceTree = "<group>"; };
		B781C9222E639C4800B866CE /* URLSession+Logging.swift */ = {isa = PBXFileReference; lastKnownFileType = sourcecode.swift; path = "URLSession+Logging.swift"; sourceTree = "<group>"; };
		B781C9242E639C5600B866CE /* EnhancedAPILogger.swift */ = {isa = PBXFileReference; lastKnownFileType = sourcecode.swift; path = EnhancedAPILogger.swift; sourceTree = "<group>"; };
		B781C9272E639CB300B866CE /* APILogDetailView.swift */ = {isa = PBXFileReference; lastKnownFileType = sourcecode.swift; path = APILogDetailView.swift; sourceTree = "<group>"; };
		B781C9282E639CB300B866CE /* DebugMenuView.swift */ = {isa = PBXFileReference; lastKnownFileType = sourcecode.swift; path = DebugMenuView.swift; sourceTree = "<group>"; };
		B781C92A2E639CB300B866CE /* ExportOptionsView.swift */ = {isa = PBXFileReference; lastKnownFileType = sourcecode.swift; path = ExportOptionsView.swift; sourceTree = "<group>"; };
		B781C9322E7007C100B866CE /* StructuredWorkout.swift */ = {isa = PBXFileReference; lastKnownFileType = sourcecode.swift; path = StructuredWorkout.swift; sourceTree = "<group>"; };
		B7A1B2332E6800F000CB5792 /* ChatStateComponents.swift */ = {isa = PBXFileReference; fileEncoding = 4; lastKnownFileType = sourcecode.swift; path = ChatStateComponents.swift; sourceTree = "<group>"; };
		B7A1B2352E6900F100CB5792 /* DateProvider.swift */ = {isa = PBXFileReference; lastKnownFileType = sourcecode.swift; path = DateProvider.swift; sourceTree = "<group>"; };
		B7A1B2362E6900F200CB5792 /* SimpleDeveloperTimeControl.swift */ = {isa = PBXFileReference; lastKnownFileType = sourcecode.swift; path = SimpleDeveloperTimeControl.swift; sourceTree = "<group>"; };
		B7CONF022E00000000000002 /* AppConfiguration.swift */ = {isa = PBXFileReference; lastKnownFileType = sourcecode.swift; path = AppConfiguration.swift; sourceTree = "<group>"; };
		B7D1A5392E07352C00D19700 /* TrainerAppDebug.entitlements */ = {isa = PBXFileReference; lastKnownFileType = text.plist.entitlements; path = TrainerAppDebug.entitlements; sourceTree = "<group>"; };
		B7D1A55A2E073CCB00D19700 /* Info.plist */ = {isa = PBXFileReference; fileEncoding = 4; lastKnownFileType = text.plist.xml; name = Info.plist; path = TrainerApp/Info.plist; sourceTree = "<group>"; };
		B7E0A0010000000000000001 /* ToolProcessor/Protocols/ToolExecutor.swift */ = {isa = PBXFileReference; lastKnownFileType = sourcecode.swift; path = ToolProcessor/Protocols/ToolExecutor.swift; sourceTree = "<group>"; };
		B7E0A0010000000000000002 /* ToolProcessor/Core/ToolCallDetector.swift */ = {isa = PBXFileReference; lastKnownFileType = sourcecode.swift; path = ToolProcessor/Core/ToolCallDetector.swift; sourceTree = "<group>"; };
		B7E0A0010000000000000003 /* ToolProcessor/Core/ToolExecutorRegistry.swift */ = {isa = PBXFileReference; lastKnownFileType = sourcecode.swift; path = ToolProcessor/Core/ToolExecutorRegistry.swift; sourceTree = "<group>"; };
		B7E0A0010000000000000004 /* ToolProcessor/Core/ToolCallRouter.swift */ = {isa = PBXFileReference; lastKnownFileType = sourcecode.swift; path = ToolProcessor/Core/ToolCallRouter.swift; sourceTree = "<group>"; };
		B7E0A0010000000000000005 /* ToolProcessor/Core/NewToolProcessor.swift */ = {isa = PBXFileReference; lastKnownFileType = sourcecode.swift; path = ToolProcessor/Core/NewToolProcessor.swift; sourceTree = "<group>"; };
		B7E0A0010000000000000006 /* ToolProcessor/Utilities/ToolUtilities.swift */ = {isa = PBXFileReference; lastKnownFileType = sourcecode.swift; path = ToolProcessor/Utilities/ToolUtilities.swift; sourceTree = "<group>"; };
		B7E0A0010000000000000007 /* ToolProcessor/Executors/HealthDataToolExecutor.swift */ = {isa = PBXFileReference; lastKnownFileType = sourcecode.swift; path = ToolProcessor/Executors/HealthDataToolExecutor.swift; sourceTree = "<group>"; };
		B7E0A0010000000000000008 /* ToolProcessor/Executors/TrainingProgramToolExecutor.swift */ = {isa = PBXFileReference; lastKnownFileType = sourcecode.swift; path = ToolProcessor/Executors/TrainingProgramToolExecutor.swift; sourceTree = "<group>"; };
		B7E0A0010000000000000009 /* ToolProcessor/Executors/ScheduleToolExecutor.swift */ = {isa = PBXFileReference; lastKnownFileType = sourcecode.swift; path = ToolProcessor/Executors/ScheduleToolExecutor.swift; sourceTree = "<group>"; };
		B7E0A001000000000000000A /* ToolProcessor/Executors/WorkoutToolExecutor.swift */ = {isa = PBXFileReference; lastKnownFileType = sourcecode.swift; path = ToolProcessor/Executors/WorkoutToolExecutor.swift; sourceTree = "<group>"; };
		B7LLMS012E00000000000001 /* LLMService.swift */ = {isa = PBXFileReference; lastKnownFileType = sourcecode.swift; path = LLMService.swift; sourceTree = "<group>"; };
/* End PBXFileReference section */

/* Begin PBXFrameworksBuildPhase section */
		B759470B2E07006B00BE6537 /* Frameworks */ = {
			isa = PBXFrameworksBuildPhase;
			buildActionMask = 2147483647;
			files = (
			);
			runOnlyForDeploymentPostprocessing = 0;
		};
/* End PBXFrameworksBuildPhase section */

/* Begin PBXGroup section */
		B70B93D92E90E63E00B9BD7E /* Implementations */ = {
			isa = PBXGroup;
			children = (
				B70B93D62E90E63E00B9BD7E /* FileStore.swift */,
				B70B93D72E90E63E00B9BD7E /* HybridCloudStore.swift */,
				B70B93D82E90E63E00B9BD7E /* SimpleKeyValueStore.swift */,
			);
			path = Implementations;
			sourceTree = "<group>";
		};
		B70B93DB2E90E63E00B9BD7E /* Protocols */ = {
			isa = PBXGroup;
			children = (
				B70B93DA2E90E63E00B9BD7E /* PersistenceStore.swift */,
			);
			path = Protocols;
			sourceTree = "<group>";
		};
		B70B93DE2E90E63E00B9BD7E /* Utilities */ = {
			isa = PBXGroup;
			children = (
				B70B93DC2E90E63E00B9BD7E /* PersistenceError.swift */,
				B70B93DD2E90E63E00B9BD7E /* PersistenceKey.swift */,
			);
			path = Utilities;
			sourceTree = "<group>";
		};
		B70B93DF2E90E63E00B9BD7E /* Persistence */ = {
			isa = PBXGroup;
			children = (
				B70B93D92E90E63E00B9BD7E /* Implementations */,
				B70B93DB2E90E63E00B9BD7E /* Protocols */,
				B70B93DE2E90E63E00B9BD7E /* Utilities */,
			);
			path = Persistence;
			sourceTree = "<group>";
		};
		B70B93F02E9C7E4000B9BD7E /* Calendar */ = {
			isa = PBXGroup;
			children = (
				B70B93EF2E9C7E4000B9BD7E /* CalendarTabView.swift */,
			);
			path = Calendar;
			sourceTree = "<group>";
		};
		B70B93F52E9C7E4000B9BD7E /* Chat */ = {
			isa = PBXGroup;
			children = (
				B70B93F12E9C7E4000B9BD7E /* ChatInputBar.swift */,
				B70B93F22E9C7E4000B9BD7E /* ChatView.swift */,
				B70B93F32E9C7E4000B9BD7E /* MessageBubble.swift */,
				B70B93F42E9C7E4000B9BD7E /* MessageListView.swift */,
			);
			path = Chat;
			sourceTree = "<group>";
		};
		B70B93F72E9C7E4000B9BD7E /* Settings */ = {
			isa = PBXGroup;
			children = (
				B70B93F62E9C7E4000B9BD7E /* SettingsView.swift */,
			);
			path = Settings;
			sourceTree = "<group>";
		};
		B70B93FB2E9C7E4000B9BD7E /* Shared */ = {
			isa = PBXGroup;
			children = (
				B70B93F82E9C7E4000B9BD7E /* ImagePicker.swift */,
				B70B93F92E9C7E4000B9BD7E /* LinkDetectingText.swift */,
				B70B93FA2E9C7E4000B9BD7E /* PhotoAttachmentButton.swift */,
			);
			path = Shared;
			sourceTree = "<group>";
		};
		B70B94152EA0B8BF00B9BD7E /* ConversationManager */ = {
			isa = PBXGroup;
			children = (
				B70B94182EA2CF2500B9BD7E /* ResponseOrchestrator.swift */,
				B70B94192EA2CF2500B9BD7E /* ToolExecutionCoordinator.swift */,
				B70B94132EA0B8BF00B9BD7E /* ConversationLogger.swift */,
				B70B94142EA0B8BF00B9BD7E /* StreamingCoordinator.swift */,
			);
			path = ConversationManager;
			sourceTree = "<group>";
		};
		B75947052E07006B00BE6537 = {
			isa = PBXGroup;
			children = (
				B7D1A55A2E073CCB00D19700 /* Info.plist */,
				B75947102E07006B00BE6537 /* TrainerApp */,
				B759470F2E07006B00BE6537 /* Products */,
				B75C33442E5B53D9004C515B /* Frameworks */,
			);
			sourceTree = "<group>";
		};
		B759470F2E07006B00BE6537 /* Products */ = {
			isa = PBXGroup;
			children = (
				B759470E2E07006B00BE6537 /* TrainerApp.app */,
			);
			name = Products;
			sourceTree = "<group>";
		};
		B75947102E07006B00BE6537 /* TrainerApp */ = {
			isa = PBXGroup;
			children = (
				B70B93DF2E90E63E00B9BD7E /* Persistence */,
				B781C92B2E639CB300B866CE /* Debug */,
				B781C91E2E60C1A400B866CE /* Utilities */,
				B75A86682E5D884700CB5792 /* Views */,
				B75A866F2E5D886800CB5792 /* Models */,
				B75C33422E59A829004C515B /* SystemPrompt.md */,
				B7D1A5392E07352C00D19700 /* TrainerAppDebug.entitlements */,
				B759474B2E07048400BE6537 /* TrainerApp.entitlements */,
				B759473C2E0703BD00BE6537 /* Extensions */,
				B75C33372E5993D8004C515B /* Logging */,
				B75947362E0703BD00BE6537 /* Managers */,
				B759473D2E0703BD00BE6537 /* Services */,
				B75947112E07006B00BE6537 /* TrainerAppApp.swift */,
				B75947132E07006B00BE6537 /* ContentView.swift */,
				B75947172E07006C00BE6537 /* Assets.xcassets */,
				B75947192E07006C00BE6537 /* Preview Content */,
			);
			path = TrainerApp;
			sourceTree = "<group>";
		};
		B75947192E07006C00BE6537 /* Preview Content */ = {
			isa = PBXGroup;
			children = (
				B759471A2E07006C00BE6537 /* Preview Assets.xcassets */,
			);
			path = "Preview Content";
			sourceTree = "<group>";
		};
		B75947362E0703BD00BE6537 /* Managers */ = {
			isa = PBXGroup;
			children = (
				B70B94112E9DC62E00B9BD7E /* WorkoutRepository.swift */,
				B70B940F2E9DC47200B9BD7E /* TrainingProgramManager.swift */,
				B70B940D2E9DC23300B9BD7E /* CalendarGenerator.swift */,
				B70B940B2E9DB92E00B9BD7E /* TrainingBlockScheduler.swift */,
				B70B94092E9DB54000B9BD7E /* ScheduleSnapshotBuilder.swift */,
				B70B94072E9DB42E00B9BD7E /* WorkoutFormatter.swift */,
				B70B93D32E88E51400B9BD7E /* WorkoutResultsManager.swift */,
				B75A866B2E5D885400CB5792 /* TrainingScheduleManager.swift */,
				B75C33402E59A6C7004C515B /* HealthKitManager.swift */,
			);
			path = Managers;
			sourceTree = "<group>";
		};
		B759473C2E0703BD00BE6537 /* Extensions */ = {
			isa = PBXGroup;
			children = (
				B781C9222E639C4800B866CE /* URLSession+Logging.swift */,
			);
			path = Extensions;
			sourceTree = "<group>";
		};
		B759473D2E0703BD00BE6537 /* Services */ = {
			isa = PBXGroup;
			children = (
				B70B94152EA0B8BF00B9BD7E /* ConversationManager */,
				B70B93E62E93641B00B9BD7E /* AssistantResponseState.swift */,
				B70B93E72E93641B00B9BD7E /* MessageFactory.swift */,
				B75C33362E59A5A5004C515B /* ToolParameterParser.swift */,
				B75C33382E59A5A6004C515B /* ToolProcessor.swift */,
				B7E0A0010000000000000001 /* ToolProcessor/Protocols/ToolExecutor.swift */,
				B7E0A0010000000000000002 /* ToolProcessor/Core/ToolCallDetector.swift */,
				B7E0A0010000000000000003 /* ToolProcessor/Core/ToolExecutorRegistry.swift */,
				B7E0A0010000000000000004 /* ToolProcessor/Core/ToolCallRouter.swift */,
				B7E0A0010000000000000005 /* ToolProcessor/Core/NewToolProcessor.swift */,
				B7E0A0010000000000000006 /* ToolProcessor/Utilities/ToolUtilities.swift */,
				B7E0A0010000000000000007 /* ToolProcessor/Executors/HealthDataToolExecutor.swift */,
				B7E0A0010000000000000008 /* ToolProcessor/Executors/TrainingProgramToolExecutor.swift */,
				B7E0A0010000000000000009 /* ToolProcessor/Executors/ScheduleToolExecutor.swift */,
				B7E0A001000000000000000A /* ToolProcessor/Executors/WorkoutToolExecutor.swift */,
				B75C33432E59A5A7004C515B /* ConversationManager.swift */,
				B75C33442E59A5A8004C515B /* ConversationPersistence.swift */,
				B7LLMS012E00000000000001 /* LLMService.swift */,
				B7CONF022E00000000000002 /* AppConfiguration.swift */,
			);
			path = Services;
			sourceTree = "<group>";
		};
		B75A86682E5D884700CB5792 /* Views */ = {
			isa = PBXGroup;
			children = (
				B70B93F02E9C7E4000B9BD7E /* Calendar */,
				B70B93F52E9C7E4000B9BD7E /* Chat */,
				B70B93F72E9C7E4000B9BD7E /* Settings */,
				B70B93FB2E9C7E4000B9BD7E /* Shared */,
				B75A86672E5D884700CB5792 /* WeeklyCalendarView.swift */,
				B7A1B2332E6800F000CB5792 /* ChatStateComponents.swift */,
			);
			path = Views;
			sourceTree = "<group>";
		};
		B75A866F2E5D886800CB5792 /* Models */ = {
			isa = PBXGroup;
			children = (
				B70B93CE2E88E17300B9BD7E /* WorkoutSetResult.swift */,
				B781C9322E7007C100B866CE /* StructuredWorkout.swift */,
				B75A866D2E5D886800CB5792 /* TrainingBlock.swift */,
				B75A866E2E5D886800CB5792 /* TrainingCalendar.swift */,
			);
			path = Models;
			sourceTree = "<group>";
		};
		B75C33372E5993D8004C515B /* Logging */ = {
			isa = PBXGroup;
			children = (
				B781C9242E639C5600B866CE /* EnhancedAPILogger.swift */,
				B75C33342E5993D8004C515B /* APILogEntry.swift */,
				B75C33352E5993D8004C515B /* APILogger.swift */,
				B75C33362E5993D8004C515B /* LoggingPersistence.swift */,
			);
			path = Logging;
			sourceTree = "<group>";
		};
		B75C33442E5B53D9004C515B /* Frameworks */ = {
			isa = PBXGroup;
			children = (
				B75C33452E5B53D9004C515B /* HealthKit.framework */,
			);
			name = Frameworks;
			sourceTree = "<group>";
		};
		B781C91E2E60C1A400B866CE /* Utilities */ = {
			isa = PBXGroup;
			children = (
				B781C91D2E60C1A400B866CE /* SystemPromptLoader.swift */,
				B7A1B2352E6900F100CB5792 /* DateProvider.swift */,
			);
			path = Utilities;
			sourceTree = "<group>";
		};
		B781C92B2E639CB300B866CE /* Debug */ = {
			isa = PBXGroup;
			children = (
				B781C9272E639CB300B866CE /* APILogDetailView.swift */,
				B781C9282E639CB300B866CE /* DebugMenuView.swift */,
				B781C92A2E639CB300B866CE /* ExportOptionsView.swift */,
				B7A1B2362E6900F200CB5792 /* SimpleDeveloperTimeControl.swift */,
			);
			path = Debug;
			sourceTree = "<group>";
		};
/* End PBXGroup section */

/* Begin PBXNativeTarget section */
		B759470D2E07006B00BE6537 /* TrainerApp */ = {
			isa = PBXNativeTarget;
			buildConfigurationList = B759471E2E07006C00BE6537 /* Build configuration list for PBXNativeTarget "TrainerApp" */;
			buildPhases = (
				B759470A2E07006B00BE6537 /* Sources */,
				B759470B2E07006B00BE6537 /* Frameworks */,
				B759470C2E07006B00BE6537 /* Resources */,
			);
			buildRules = (
			);
			dependencies = (
			);
			name = TrainerApp;
			productName = TrainerApp;
			productReference = B759470E2E07006B00BE6537 /* TrainerApp.app */;
			productType = "com.apple.product-type.application";
		};
/* End PBXNativeTarget section */

/* Begin PBXProject section */
		B75947062E07006B00BE6537 /* Project object */ = {
			isa = PBXProject;
			attributes = {
				BuildIndependentTargetsInParallel = 1;
				LastSwiftUpdateCheck = 1540;
				LastUpgradeCheck = 1540;
				TargetAttributes = {
					B759470D2E07006B00BE6537 = {
						CreatedOnToolsVersion = 15.4;
					};
				};
			};
			buildConfigurationList = B75947092E07006B00BE6537 /* Build configuration list for PBXProject "TrainerApp" */;
			compatibilityVersion = "Xcode 14.0";
			developmentRegion = en;
			hasScannedForEncodings = 0;
			knownRegions = (
				en,
				Base,
			);
			mainGroup = B75947052E07006B00BE6537;
			productRefGroup = B759470F2E07006B00BE6537 /* Products */;
			projectDirPath = "";
			projectRoot = "";
			targets = (
				B759470D2E07006B00BE6537 /* TrainerApp */,
			);
		};
/* End PBXProject section */

/* Begin PBXResourcesBuildPhase section */
		B759470C2E07006B00BE6537 /* Resources */ = {
			isa = PBXResourcesBuildPhase;
			buildActionMask = 2147483647;
			files = (
				B759471B2E07006C00BE6537 /* Preview Assets.xcassets in Resources */,
				B75C33432E59A829004C515B /* SystemPrompt.md in Resources */,
				B75947182E07006C00BE6537 /* Assets.xcassets in Resources */,
			);
			runOnlyForDeploymentPostprocessing = 0;
		};
/* End PBXResourcesBuildPhase section */

/* Begin PBXSourcesBuildPhase section */
		B759470A2E07006B00BE6537 /* Sources */ = {
			isa = PBXSourcesBuildPhase;
			buildActionMask = 2147483647;
			files = (
				B70B93D42E88E51400B9BD7E /* WorkoutResultsManager.swift in Sources */,
				B7A1B2342E6800F000CB5792 /* ChatStateComponents.swift in Sources */,
				B75947142E07006B00BE6537 /* ContentView.swift in Sources */,
				B75C33372E59A5A5004C515B /* ToolParameterParser.swift in Sources */,
				B70B93FC2E9C7E4000B9BD7E /* MessageListView.swift in Sources */,
				B70B93FD2E9C7E4000B9BD7E /* ChatInputBar.swift in Sources */,
				B70B93FE2E9C7E4000B9BD7E /* ChatView.swift in Sources */,
				B70B940A2E9DB54000B9BD7E /* ScheduleSnapshotBuilder.swift in Sources */,
				B70B93FF2E9C7E4000B9BD7E /* LinkDetectingText.swift in Sources */,
				B70B94002E9C7E4000B9BD7E /* PhotoAttachmentButton.swift in Sources */,
				B70B94012E9C7E4000B9BD7E /* SettingsView.swift in Sources */,
				B70B94022E9C7E4000B9BD7E /* MessageBubble.swift in Sources */,
				B70B94032E9C7E4000B9BD7E /* CalendarTabView.swift in Sources */,
				B70B94042E9C7E4000B9BD7E /* ImagePicker.swift in Sources */,
				B7E0B0010000000000000001 /* ToolProcessor/Protocols/ToolExecutor.swift in Sources */,
				B70B940E2E9DC23300B9BD7E /* CalendarGenerator.swift in Sources */,
				B75C33392E59A5A6004C515B /* ToolProcessor.swift in Sources */,
				B7E0B0010000000000000002 /* ToolProcessor/Core/ToolCallDetector.swift in Sources */,
				B70B94122E9DC62E00B9BD7E /* WorkoutRepository.swift in Sources */,
				B70B941A2EA2CF2500B9BD7E /* ResponseOrchestrator.swift in Sources */,
				B70B941B2EA2CF2500B9BD7E /* ToolExecutionCoordinator.swift in Sources */,
				B70B94082E9DB42E00B9BD7E /* WorkoutFormatter.swift in Sources */,
				B7E0B0010000000000000003 /* ToolProcessor/Core/ToolExecutorRegistry.swift in Sources */,
				B7E0B0010000000000000004 /* ToolProcessor/Core/ToolCallRouter.swift in Sources */,
				B7E0B0010000000000000005 /* ToolProcessor/Core/NewToolProcessor.swift in Sources */,
				B70B94102E9DC47200B9BD7E /* TrainingProgramManager.swift in Sources */,
				B7E0B0010000000000000006 /* ToolProcessor/Utilities/ToolUtilities.swift in Sources */,
				B7E0B0010000000000000007 /* ToolProcessor/Executors/HealthDataToolExecutor.swift in Sources */,
				B7E0B0010000000000000008 /* ToolProcessor/Executors/TrainingProgramToolExecutor.swift in Sources */,
				B7E0B0010000000000000009 /* ToolProcessor/Executors/ScheduleToolExecutor.swift in Sources */,
				B70B93E82E93641B00B9BD7E /* MessageFactory.swift in Sources */,
				B70B93E92E93641B00B9BD7E /* AssistantResponseState.swift in Sources */,
				B7E0B001000000000000000A /* ToolProcessor/Executors/WorkoutToolExecutor.swift in Sources */,
				B75C33442E59A5A7004C515B /* ConversationManager.swift in Sources */,
				B75C33452E59A5A8004C515B /* ConversationPersistence.swift in Sources */,
				B7LLMS022E00000000000002 /* LLMService.swift in Sources */,
				B7CONF012E00000000000001 /* AppConfiguration.swift in Sources */,
				B781C9232E639C4800B866CE /* URLSession+Logging.swift in Sources */,
				B70B93E02E90E63E00B9BD7E /* FileStore.swift in Sources */,
				B70B93E12E90E63E00B9BD7E /* SimpleKeyValueStore.swift in Sources */,
				B70B93E22E90E63E00B9BD7E /* PersistenceStore.swift in Sources */,
				B70B94162EA0B8BF00B9BD7E /* ConversationLogger.swift in Sources */,
				B70B94172EA0B8BF00B9BD7E /* StreamingCoordinator.swift in Sources */,
				B70B93E32E90E63E00B9BD7E /* HybridCloudStore.swift in Sources */,
				B70B940C2E9DB92E00B9BD7E /* TrainingBlockScheduler.swift in Sources */,
				B70B93E42E90E63E00B9BD7E /* PersistenceKey.swift in Sources */,
				B70B93E52E90E63E00B9BD7E /* PersistenceError.swift in Sources */,
				B781C92C2E639CB300B866CE /* ExportOptionsView.swift in Sources */,
				B781C9332E7007C100B866CE /* StructuredWorkout.swift in Sources */,
				B781C92D2E639CB300B866CE /* DebugMenuView.swift in Sources */,
				B781C92E2E639CB300B866CE /* APILogDetailView.swift in Sources */,
				B781C91F2E60C1A400B866CE /* SystemPromptLoader.swift in Sources */,
				B75A866A2E5D884700CB5792 /* WeeklyCalendarView.swift in Sources */,
				B75C33412E59A6C7004C515B /* HealthKitManager.swift in Sources */,
				B75A86702E5D886800CB5792 /* TrainingBlock.swift in Sources */,
				B70B93D12E88E17300B9BD7E /* WorkoutSetResult.swift in Sources */,
				B75A86712E5D886800CB5792 /* TrainingCalendar.swift in Sources */,
				B75947122E07006B00BE6537 /* TrainerAppApp.swift in Sources */,
				B75A866C2E5D885400CB5792 /* TrainingScheduleManager.swift in Sources */,
				B75C333A2E5993D8004C515B /* APILogEntry.swift in Sources */,
				B75C333B2E5993D8004C515B /* APILogger.swift in Sources */,
				B75C333C2E5993D8004C515B /* LoggingPersistence.swift in Sources */,
				B781C9302E639CB300B866CE /* EnhancedAPILogger.swift in Sources */,
				B7A1B2372E6900F100CB5792 /* DateProvider.swift in Sources */,
				B7A1B2382E6900F200CB5792 /* SimpleDeveloperTimeControl.swift in Sources */,
			);
			runOnlyForDeploymentPostprocessing = 0;
		};
/* End PBXSourcesBuildPhase section */

/* Begin XCBuildConfiguration section */
		B759471C2E07006C00BE6537 /* Debug */ = {
			isa = XCBuildConfiguration;
			buildSettings = {
				ALWAYS_SEARCH_USER_PATHS = NO;
				ASSETCATALOG_COMPILER_GENERATE_SWIFT_ASSET_SYMBOL_EXTENSIONS = YES;
				CLANG_ANALYZER_NONNULL = YES;
				CLANG_ANALYZER_NUMBER_OBJECT_CONVERSION = YES_AGGRESSIVE;
				CLANG_CXX_LANGUAGE_STANDARD = "gnu++20";
				CLANG_ENABLE_MODULES = YES;
				CLANG_ENABLE_OBJC_ARC = YES;
				CLANG_ENABLE_OBJC_WEAK = YES;
				CLANG_WARN_BLOCK_CAPTURE_AUTORELEASING = YES;
				CLANG_WARN_BOOL_CONVERSION = YES;
				CLANG_WARN_COMMA = YES;
				CLANG_WARN_CONSTANT_CONVERSION = YES;
				CLANG_WARN_DEPRECATED_OBJC_IMPLEMENTATIONS = YES;
				CLANG_WARN_DIRECT_OBJC_ISA_USAGE = YES_ERROR;
				CLANG_WARN_DOCUMENTATION_COMMENTS = YES;
				CLANG_WARN_EMPTY_BODY = YES;
				CLANG_WARN_ENUM_CONVERSION = YES;
				CLANG_WARN_INFINITE_RECURSION = YES;
				CLANG_WARN_INT_CONVERSION = YES;
				CLANG_WARN_NON_LITERAL_NULL_CONVERSION = YES;
				CLANG_WARN_OBJC_IMPLICIT_RETAIN_SELF = YES;
				CLANG_WARN_OBJC_LITERAL_CONVERSION = YES;
				CLANG_WARN_OBJC_ROOT_CLASS = YES_ERROR;
				CLANG_WARN_QUOTED_INCLUDE_IN_FRAMEWORK_HEADER = YES;
				CLANG_WARN_RANGE_LOOP_ANALYSIS = YES;
				CLANG_WARN_STRICT_PROTOTYPES = YES;
				CLANG_WARN_SUSPICIOUS_MOVE = YES;
				CLANG_WARN_UNGUARDED_AVAILABILITY = YES_AGGRESSIVE;
				CLANG_WARN_UNREACHABLE_CODE = YES;
				CLANG_WARN__DUPLICATE_METHOD_MATCH = YES;
				COPY_PHASE_STRIP = NO;
				DEBUG_INFORMATION_FORMAT = dwarf;
				ENABLE_STRICT_OBJC_MSGSEND = YES;
				ENABLE_TESTABILITY = YES;
				ENABLE_USER_SCRIPT_SANDBOXING = YES;
				GCC_C_LANGUAGE_STANDARD = gnu17;
				GCC_DYNAMIC_NO_PIC = NO;
				GCC_NO_COMMON_BLOCKS = YES;
				GCC_OPTIMIZATION_LEVEL = 0;
				GCC_PREPROCESSOR_DEFINITIONS = (
					"DEBUG=1",
					"$(inherited)",
				);
				GCC_WARN_64_TO_32_BIT_CONVERSION = YES;
				GCC_WARN_ABOUT_RETURN_TYPE = YES_ERROR;
				GCC_WARN_UNDECLARED_SELECTOR = YES;
				GCC_WARN_UNINITIALIZED_AUTOS = YES_AGGRESSIVE;
				GCC_WARN_UNUSED_FUNCTION = YES;
				GCC_WARN_UNUSED_VARIABLE = YES;
				IPHONEOS_DEPLOYMENT_TARGET = 17.5;
				LOCALIZATION_PREFERS_STRING_CATALOGS = YES;
				MTL_ENABLE_DEBUG_INFO = INCLUDE_SOURCE;
				MTL_FAST_MATH = YES;
				ONLY_ACTIVE_ARCH = YES;
				SDKROOT = iphoneos;
				SWIFT_ACTIVE_COMPILATION_CONDITIONS = "DEBUG $(inherited)";
				SWIFT_OPTIMIZATION_LEVEL = "-Onone";
			};
			name = Debug;
		};
		B759471D2E07006C00BE6537 /* Release */ = {
			isa = XCBuildConfiguration;
			buildSettings = {
				ALWAYS_SEARCH_USER_PATHS = NO;
				ASSETCATALOG_COMPILER_GENERATE_SWIFT_ASSET_SYMBOL_EXTENSIONS = YES;
				CLANG_ANALYZER_NONNULL = YES;
				CLANG_ANALYZER_NUMBER_OBJECT_CONVERSION = YES_AGGRESSIVE;
				CLANG_CXX_LANGUAGE_STANDARD = "gnu++20";
				CLANG_ENABLE_MODULES = YES;
				CLANG_ENABLE_OBJC_ARC = YES;
				CLANG_ENABLE_OBJC_WEAK = YES;
				CLANG_WARN_BLOCK_CAPTURE_AUTORELEASING = YES;
				CLANG_WARN_BOOL_CONVERSION = YES;
				CLANG_WARN_COMMA = YES;
				CLANG_WARN_CONSTANT_CONVERSION = YES;
				CLANG_WARN_DEPRECATED_OBJC_IMPLEMENTATIONS = YES;
				CLANG_WARN_DIRECT_OBJC_ISA_USAGE = YES_ERROR;
				CLANG_WARN_DOCUMENTATION_COMMENTS = YES;
				CLANG_WARN_EMPTY_BODY = YES;
				CLANG_WARN_ENUM_CONVERSION = YES;
				CLANG_WARN_INFINITE_RECURSION = YES;
				CLANG_WARN_INT_CONVERSION = YES;
				CLANG_WARN_NON_LITERAL_NULL_CONVERSION = YES;
				CLANG_WARN_OBJC_IMPLICIT_RETAIN_SELF = YES;
				CLANG_WARN_OBJC_LITERAL_CONVERSION = YES;
				CLANG_WARN_OBJC_ROOT_CLASS = YES_ERROR;
				CLANG_WARN_QUOTED_INCLUDE_IN_FRAMEWORK_HEADER = YES;
				CLANG_WARN_RANGE_LOOP_ANALYSIS = YES;
				CLANG_WARN_STRICT_PROTOTYPES = YES;
				CLANG_WARN_SUSPICIOUS_MOVE = YES;
				CLANG_WARN_UNGUARDED_AVAILABILITY = YES_AGGRESSIVE;
				CLANG_WARN_UNREACHABLE_CODE = YES;
				CLANG_WARN__DUPLICATE_METHOD_MATCH = YES;
				COPY_PHASE_STRIP = NO;
				DEBUG_INFORMATION_FORMAT = "dwarf-with-dsym";
				ENABLE_NS_ASSERTIONS = NO;
				ENABLE_STRICT_OBJC_MSGSEND = YES;
				ENABLE_USER_SCRIPT_SANDBOXING = YES;
				GCC_C_LANGUAGE_STANDARD = gnu17;
				GCC_NO_COMMON_BLOCKS = YES;
				GCC_WARN_64_TO_32_BIT_CONVERSION = YES;
				GCC_WARN_ABOUT_RETURN_TYPE = YES_ERROR;
				GCC_WARN_UNDECLARED_SELECTOR = YES;
				GCC_WARN_UNINITIALIZED_AUTOS = YES_AGGRESSIVE;
				GCC_WARN_UNUSED_FUNCTION = YES;
				GCC_WARN_UNUSED_VARIABLE = YES;
				IPHONEOS_DEPLOYMENT_TARGET = 17.5;
				LOCALIZATION_PREFERS_STRING_CATALOGS = YES;
				MTL_ENABLE_DEBUG_INFO = NO;
				MTL_FAST_MATH = YES;
				SDKROOT = iphoneos;
				SWIFT_COMPILATION_MODE = wholemodule;
				VALIDATE_PRODUCT = YES;
			};
			name = Release;
		};
		B759471F2E07006C00BE6537 /* Debug */ = {
			isa = XCBuildConfiguration;
			buildSettings = {
				ASSETCATALOG_COMPILER_APPICON_NAME = AppIcon;
				ASSETCATALOG_COMPILER_GLOBAL_ACCENT_COLOR_NAME = AccentColor;
				CODE_SIGN_ENTITLEMENTS = TrainerApp/TrainerAppDebug.entitlements;
				CODE_SIGN_STYLE = Automatic;
				CURRENT_PROJECT_VERSION = 1;
				DEVELOPMENT_ASSET_PATHS = "\"TrainerApp/Preview Content\"";
				DEVELOPMENT_TEAM = 976J9QE7K5;
				ENABLE_PREVIEWS = YES;
				GENERATE_INFOPLIST_FILE = NO;
				INFOPLIST_FILE = TrainerApp/Info.plist;
				INFOPLIST_KEY_CFBundleDisplayName = Trainer;
				INFOPLIST_KEY_LSApplicationCategoryType = "public.app-category.healthcare-fitness";
				INFOPLIST_KEY_NSHealthShareUsageDescription = "Trainer needs access to your health data to track fitness metrics, body weight, sleep, and active energy to provide personalized coaching recommendations.";
				INFOPLIST_KEY_NSHealthUpdateUsageDescription = "Trainer needs to update your health data to log workout sessions, body metrics, and training progress.";
				INFOPLIST_KEY_NSSupportsLiveActivities = YES;
				INFOPLIST_KEY_UIApplicationSupportsIndirectInputEvents = YES;
				INFOPLIST_KEY_UIRequiredDeviceCapabilities = armv7;
				INFOPLIST_KEY_UISupportedInterfaceOrientations = "UIInterfaceOrientationPortrait UIInterfaceOrientationLandscapeLeft UIInterfaceOrientationLandscapeRight";
				INFOPLIST_KEY_UISupportedInterfaceOrientations_iPad = "UIInterfaceOrientationPortrait UIInterfaceOrientationPortraitUpsideDown UIInterfaceOrientationLandscapeLeft UIInterfaceOrientationLandscapeRight";
				INFOPLIST_KEY_UISupportedInterfaceOrientations_iPhone = "UIInterfaceOrientationPortrait UIInterfaceOrientationLandscapeLeft UIInterfaceOrientationLandscapeRight";
				LD_RUNPATH_SEARCH_PATHS = (
					"$(inherited)",
					"@executable_path/Frameworks",
				);
				MARKETING_VERSION = 1.0;
				PRODUCT_BUNDLE_IDENTIFIER = com.dannyleffel.organizer.TrainerApp;
				PRODUCT_NAME = "$(TARGET_NAME)";
				SWIFT_EMIT_LOC_STRINGS = YES;
				SWIFT_VERSION = 5.0;
				TARGETED_DEVICE_FAMILY = "1,2";
			};
			name = Debug;
		};
		B75947202E07006C00BE6537 /* Release */ = {
			isa = XCBuildConfiguration;
			buildSettings = {
				ASSETCATALOG_COMPILER_APPICON_NAME = AppIcon;
				ASSETCATALOG_COMPILER_GLOBAL_ACCENT_COLOR_NAME = AccentColor;
				CODE_SIGN_ENTITLEMENTS = TrainerApp/TrainerApp.entitlements;
				CODE_SIGN_STYLE = Automatic;
				CURRENT_PROJECT_VERSION = 1;
				DEVELOPMENT_ASSET_PATHS = "\"TrainerApp/Preview Content\"";
				DEVELOPMENT_TEAM = 976J9QE7K5;
				ENABLE_PREVIEWS = YES;
				GENERATE_INFOPLIST_FILE = NO;
				INFOPLIST_FILE = TrainerApp/Info.plist;
				INFOPLIST_KEY_CFBundleDisplayName = Trainer;
				INFOPLIST_KEY_LSApplicationCategoryType = "public.app-category.healthcare-fitness";
				INFOPLIST_KEY_NSHealthShareUsageDescription = "Trainer needs access to your health data to track fitness metrics, body weight, sleep, and active energy to provide personalized coaching recommendations.";
				INFOPLIST_KEY_NSHealthUpdateUsageDescription = "Trainer needs to update your health data to log workout sessions, body metrics, and training progress.";
				INFOPLIST_KEY_NSSupportsLiveActivities = YES;
				INFOPLIST_KEY_UIApplicationSupportsIndirectInputEvents = YES;
				INFOPLIST_KEY_UIRequiredDeviceCapabilities = armv7;
				INFOPLIST_KEY_UISupportedInterfaceOrientations = "UIInterfaceOrientationPortrait UIInterfaceOrientationLandscapeLeft UIInterfaceOrientationLandscapeRight";
				INFOPLIST_KEY_UISupportedInterfaceOrientations_iPad = "UIInterfaceOrientationPortrait UIInterfaceOrientationPortraitUpsideDown UIInterfaceOrientationLandscapeLeft UIInterfaceOrientationLandscapeRight";
				INFOPLIST_KEY_UISupportedInterfaceOrientations_iPhone = "UIInterfaceOrientationPortrait UIInterfaceOrientationLandscapeLeft UIInterfaceOrientationLandscapeRight";
				LD_RUNPATH_SEARCH_PATHS = (
					"$(inherited)",
					"@executable_path/Frameworks",
				);
				MARKETING_VERSION = 1.0;
				PRODUCT_BUNDLE_IDENTIFIER = com.dannyleffel.organizer.TrainerApp;
				PRODUCT_NAME = "$(TARGET_NAME)";
				SWIFT_EMIT_LOC_STRINGS = YES;
				SWIFT_VERSION = 5.0;
				TARGETED_DEVICE_FAMILY = "1,2";
			};
			name = Release;
		};
/* End XCBuildConfiguration section */

/* Begin XCConfigurationList section */
		B75947092E07006B00BE6537 /* Build configuration list for PBXProject "TrainerApp" */ = {
			isa = XCConfigurationList;
			buildConfigurations = (
				B759471C2E07006C00BE6537 /* Debug */,
				B759471D2E07006C00BE6537 /* Release */,
			);
			defaultConfigurationIsVisible = 0;
			defaultConfigurationName = Release;
		};
		B759471E2E07006C00BE6537 /* Build configuration list for PBXNativeTarget "TrainerApp" */ = {
			isa = XCConfigurationList;
			buildConfigurations = (
				B759471F2E07006C00BE6537 /* Debug */,
				B75947202E07006C00BE6537 /* Release */,
			);
			defaultConfigurationIsVisible = 0;
			defaultConfigurationName = Release;
		};
/* End XCConfigurationList section */
	};
	rootObject = B75947062E07006B00BE6537 /* Project object */;
}
